
Microsoft Visual Studio Solution File, Format Version 12.00
# Visual Studio Version 17
VisualStudioVersion = 17.7.34031.279
MinimumVisualStudioVersion = 10.0.40219.1
Project("{8BC9CEB8-8B4A-11D0-8D11-00A0C91BC942}") = "CSC382 1 10 24 list using library", "CSC382 1 10 24 list using library\CSC382 1 10 24 list using library.vcxproj", "{A5844004-12DC-4252-8FF0-195016821355}"
EndProject
Global
	GlobalSection(SolutionConfigurationPlatforms) = preSolution
		Debug|x64 = Debug|x64
		Debug|x86 = Debug|x86
		Release|x64 = Release|x64
		Release|x86 = Release|x86
	EndGlobalSection
	GlobalSection(ProjectConfigurationPlatforms) = postSolution
		{A5844004-12DC-4252-8FF0-195016821355}.Debug|x64.ActiveCfg = Debug|x64
		{A5844004-12DC-4252-8FF0-195016821355}.Debug|x64.Build.0 = Debug|x64
		{A5844004-12DC-4252-8FF0-195016821355}.Debug|x86.ActiveCfg = Debug|Win32
		{A5844004-12DC-4252-8FF0-195016821355}.Debug|x86.Build.0 = Debug|Win32
		{A5844004-12DC-4252-8FF0-195016821355}.Release|x64.ActiveCfg = Release|x64
		{A5844004-12DC-4252-8FF0-195016821355}.Release|x64.Build.0 = Release|x64
		{A5844004-12DC-4252-8FF0-195016821355}.Release|x86.ActiveCfg = Release|Win32
		{A5844004-12DC-4252-8FF0-195016821355}.Release|x86.Build.0 = Release|Win32
	EndGlobalSection
	GlobalSection(SolutionProperties) = preSolution
		HideSolutionNode = FALSE
	EndGlobalSection
	GlobalSection(ExtensibilityGlobals) = postSolution
		SolutionGuid = {D10BC1CB-FAC4-445F-B0CD-CF2ED76607DD}
	EndGlobalSection
EndGlobal
