
Microsoft Visual Studio Solution File, Format Version 12.00
# Visual Studio Version 17
VisualStudioVersion = 17.7.34031.279
MinimumVisualStudioVersion = 10.0.40219.1
Project("{8BC9CEB8-8B4A-11D0-8D11-00A0C91BC942}") = "CSC382 1 10 24 linked list", "CSC382 1 10 24 linked list\CSC382 1 10 24 linked list.vcxproj", "{0C48B2DD-678B-4557-A513-3600F2CCA057}"
EndProject
Global
	GlobalSection(SolutionConfigurationPlatforms) = preSolution
		Debug|x64 = Debug|x64
		Debug|x86 = Debug|x86
		Release|x64 = Release|x64
		Release|x86 = Release|x86
	EndGlobalSection
	GlobalSection(ProjectConfigurationPlatforms) = postSolution
		{0C48B2DD-678B-4557-A513-3600F2CCA057}.Debug|x64.ActiveCfg = Debug|x64
		{0C48B2DD-678B-4557-A513-3600F2CCA057}.Debug|x64.Build.0 = Debug|x64
		{0C48B2DD-678B-4557-A513-3600F2CCA057}.Debug|x86.ActiveCfg = Debug|Win32
		{0C48B2DD-678B-4557-A513-3600F2CCA057}.Debug|x86.Build.0 = Debug|Win32
		{0C48B2DD-678B-4557-A513-3600F2CCA057}.Release|x64.ActiveCfg = Release|x64
		{0C48B2DD-678B-4557-A513-3600F2CCA057}.Release|x64.Build.0 = Release|x64
		{0C48B2DD-678B-4557-A513-3600F2CCA057}.Release|x86.ActiveCfg = Release|Win32
		{0C48B2DD-678B-4557-A513-3600F2CCA057}.Release|x86.Build.0 = Release|Win32
	EndGlobalSection
	GlobalSection(SolutionProperties) = preSolution
		HideSolutionNode = FALSE
	EndGlobalSection
	GlobalSection(ExtensibilityGlobals) = postSolution
		SolutionGuid = {5ACA9F8B-CC7E-4784-9A54-AFD4C55E96C4}
	EndGlobalSection
EndGlobal
